{
  "name": "trpc",
  "version": "1.0.0",
  "lockfileVersion": 3,
  "requires": true,
  "packages": {
    "": {
      "name": "trpc",
      "version": "1.0.0",
      "license": "ISC",
      "dependencies": {
        "@trpc/client": "^11.0.0-rc.571",
        "@trpc/server": "^11.0.0-rc.571",
        "zod": "^3.23.8"
      }
    },
    "node_modules/@trpc/client": {
      "version": "11.0.0-rc.571",
      "resolved": "https://registry.npmjs.org/@trpc/client/-/client-11.0.0-rc.571.tgz",
      "integrity": "sha512-mUX47avAwgkirC91rtnde7B8QVbvd+121wgud3q22gYBI1hrGFn8isFwXdPquVneXNL5p1JjfhpZzDwzHmUJ4Q==",
      "funding": [
        "https://trpc.io/sponsor"
      ],
      "license": "MIT",
      "peerDependencies": {
        "@trpc/server": "11.0.0-rc.571+a70e169ce"
      }
    },
    "node_modules/@trpc/server": {
      "version": "11.0.0-rc.571",
      "resolved": "https://registry.npmjs.org/@trpc/server/-/server-11.0.0-rc.571.tgz",
      "integrity": "sha512-CISo9BoXSArTPt3MfxbOTPUcEdtKOl5Qgp8P+udiaA/nRmjndvVeZWQSmy1elRv0mQ/vvUI1VLsYm9Dn1/bysw==",
      "funding": [
        "https://trpc.io/sponsor"
      ],
      "license": "MIT"
    },
    "node_modules/zod": {
      "version": "3.23.8",
      "resolved": "https://registry.npmjs.org/zod/-/zod-3.23.8.tgz",
      "integrity": "sha512-XBx9AXhXktjUqnepgTiE5flcKIYWi/rme0Eaj+5Y0lftuGBq+jyRu/md4WnuxqgP1ubdpNCsYEYPxrzVHD8d6g==",
      "license": "MIT",
      "funding": {
        "url": "https://github.com/sponsors/colinhacks"
      }
    }
  }
}
